
Microsoft Visual Studio Solution File, Format Version 12.00
# Visual Studio 15
VisualStudioVersion = 15.0.28010.2041
MinimumVisualStudioVersion = 10.0.40219.1
Project("{9A19103F-16F7-4668-BE54-9A1E7A4F7556}") = "Task1", "Task1\Task1.csproj", "{9C701B6C-D619-4CD2-8852-ABEC94C34B6E}"
EndProject
Project("{9A19103F-16F7-4668-BE54-9A1E7A4F7556}") = "Task2", "Task2\Task2.csproj", "{AEA7FA70-2EFB-45D7-AE8E-CE867630D5F1}"
EndProject
Project("{9A19103F-16F7-4668-BE54-9A1E7A4F7556}") = "Task3", "Task3\Task3.csproj", "{0237E63B-1ECD-4B67-ABF0-D54B64D65674}"
EndProject
Global
	GlobalSection(SolutionConfigurationPlatforms) = preSolution
		Debug|Any CPU = Debug|Any CPU
		Release|Any CPU = Release|Any CPU
	EndGlobalSection
	GlobalSection(ProjectConfigurationPlatforms) = postSolution
		{9C701B6C-D619-4CD2-8852-ABEC94C34B6E}.Debug|Any CPU.ActiveCfg = Debug|Any CPU
		{9C701B6C-D619-4CD2-8852-ABEC94C34B6E}.Debug|Any CPU.Build.0 = Debug|Any CPU
		{9C701B6C-D619-4CD2-8852-ABEC94C34B6E}.Release|Any CPU.ActiveCfg = Release|Any CPU
		{9C701B6C-D619-4CD2-8852-ABEC94C34B6E}.Release|Any CPU.Build.0 = Release|Any CPU
		{AEA7FA70-2EFB-45D7-AE8E-CE867630D5F1}.Debug|Any CPU.ActiveCfg = Debug|Any CPU
		{AEA7FA70-2EFB-45D7-AE8E-CE867630D5F1}.Debug|Any CPU.Build.0 = Debug|Any CPU
		{AEA7FA70-2EFB-45D7-AE8E-CE867630D5F1}.Release|Any CPU.ActiveCfg = Release|Any CPU
		{AEA7FA70-2EFB-45D7-AE8E-CE867630D5F1}.Release|Any CPU.Build.0 = Release|Any CPU
		{0237E63B-1ECD-4B67-ABF0-D54B64D65674}.Debug|Any CPU.ActiveCfg = Debug|Any CPU
		{0237E63B-1ECD-4B67-ABF0-D54B64D65674}.Debug|Any CPU.Build.0 = Debug|Any CPU
		{0237E63B-1ECD-4B67-ABF0-D54B64D65674}.Release|Any CPU.ActiveCfg = Release|Any CPU
		{0237E63B-1ECD-4B67-ABF0-D54B64D65674}.Release|Any CPU.Build.0 = Release|Any CPU
	EndGlobalSection
	GlobalSection(SolutionProperties) = preSolution
		HideSolutionNode = FALSE
	EndGlobalSection
	GlobalSection(ExtensibilityGlobals) = postSolution
		SolutionGuid = {2FA63E16-3B27-4D0B-868B-4481A9F9C704}
	EndGlobalSection
EndGlobal
