
Microsoft Visual Studio Solution File, Format Version 12.00
# Visual Studio 15
VisualStudioVersion = 15.0.28010.2041
MinimumVisualStudioVersion = 10.0.40219.1
Project("{2150E333-8FDC-42A3-9474-1A3956D46DE8}") = "DAL", "DAL", "{14E2FA97-B1A6-4EEF-A48E-C0D2C4053FE4}"
EndProject
Project("{2150E333-8FDC-42A3-9474-1A3956D46DE8}") = "BLL", "BLL", "{F951DFE6-D8E0-4BCA-8D77-9C7E4099B081}"
EndProject
Project("{2150E333-8FDC-42A3-9474-1A3956D46DE8}") = "PL", "PL", "{80FC44D4-07F6-4D4F-B3E0-7C000DEF18D9}"
EndProject
Project("{2150E333-8FDC-42A3-9474-1A3956D46DE8}") = "SHARED", "SHARED", "{D3193D85-C206-4C7B-93F1-DF77CF412B7E}"
EndProject
Project("{9A19103F-16F7-4668-BE54-9A1E7A4F7556}") = "Entites", "Entites\Entites.csproj", "{70DF8DC3-D448-4357-BD2B-AE30D9F80F78}"
EndProject
Project("{9A19103F-16F7-4668-BE54-9A1E7A4F7556}") = "UsersAndAwardsDAL", "UsersAndAwardsDAL\UsersAndAwardsDAL.csproj", "{8EBBEC32-8D7C-4030-BD23-6BF2C585F233}"
EndProject
Project("{9A19103F-16F7-4668-BE54-9A1E7A4F7556}") = "UsersAndAwardsBL", "UsersAndAwardsBL\UsersAndAwardsBL.csproj", "{35013D73-10AD-43FD-AB5A-9948AF38D8B5}"
EndProject
Project("{FAE04EC0-301F-11D3-BF4B-00C04F79EFBC}") = "UsersAndAwardsWinFormsPL", "UsersAndAwardsWinFormsPL\UsersAndAwardsWinFormsPL.csproj", "{1B05AA24-30AD-4C3B-9909-2B83019E85C8}"
EndProject
Global
	GlobalSection(SolutionConfigurationPlatforms) = preSolution
		Debug|Any CPU = Debug|Any CPU
		Release|Any CPU = Release|Any CPU
	EndGlobalSection
	GlobalSection(ProjectConfigurationPlatforms) = postSolution
		{70DF8DC3-D448-4357-BD2B-AE30D9F80F78}.Debug|Any CPU.ActiveCfg = Debug|Any CPU
		{70DF8DC3-D448-4357-BD2B-AE30D9F80F78}.Debug|Any CPU.Build.0 = Debug|Any CPU
		{70DF8DC3-D448-4357-BD2B-AE30D9F80F78}.Release|Any CPU.ActiveCfg = Release|Any CPU
		{70DF8DC3-D448-4357-BD2B-AE30D9F80F78}.Release|Any CPU.Build.0 = Release|Any CPU
		{8EBBEC32-8D7C-4030-BD23-6BF2C585F233}.Debug|Any CPU.ActiveCfg = Debug|Any CPU
		{8EBBEC32-8D7C-4030-BD23-6BF2C585F233}.Debug|Any CPU.Build.0 = Debug|Any CPU
		{8EBBEC32-8D7C-4030-BD23-6BF2C585F233}.Release|Any CPU.ActiveCfg = Release|Any CPU
		{8EBBEC32-8D7C-4030-BD23-6BF2C585F233}.Release|Any CPU.Build.0 = Release|Any CPU
		{35013D73-10AD-43FD-AB5A-9948AF38D8B5}.Debug|Any CPU.ActiveCfg = Debug|Any CPU
		{35013D73-10AD-43FD-AB5A-9948AF38D8B5}.Debug|Any CPU.Build.0 = Debug|Any CPU
		{35013D73-10AD-43FD-AB5A-9948AF38D8B5}.Release|Any CPU.ActiveCfg = Release|Any CPU
		{35013D73-10AD-43FD-AB5A-9948AF38D8B5}.Release|Any CPU.Build.0 = Release|Any CPU
		{1B05AA24-30AD-4C3B-9909-2B83019E85C8}.Debug|Any CPU.ActiveCfg = Debug|Any CPU
		{1B05AA24-30AD-4C3B-9909-2B83019E85C8}.Debug|Any CPU.Build.0 = Debug|Any CPU
		{1B05AA24-30AD-4C3B-9909-2B83019E85C8}.Release|Any CPU.ActiveCfg = Release|Any CPU
		{1B05AA24-30AD-4C3B-9909-2B83019E85C8}.Release|Any CPU.Build.0 = Release|Any CPU
	EndGlobalSection
	GlobalSection(SolutionProperties) = preSolution
		HideSolutionNode = FALSE
	EndGlobalSection
	GlobalSection(NestedProjects) = preSolution
		{70DF8DC3-D448-4357-BD2B-AE30D9F80F78} = {D3193D85-C206-4C7B-93F1-DF77CF412B7E}
		{8EBBEC32-8D7C-4030-BD23-6BF2C585F233} = {14E2FA97-B1A6-4EEF-A48E-C0D2C4053FE4}
		{35013D73-10AD-43FD-AB5A-9948AF38D8B5} = {F951DFE6-D8E0-4BCA-8D77-9C7E4099B081}
		{1B05AA24-30AD-4C3B-9909-2B83019E85C8} = {80FC44D4-07F6-4D4F-B3E0-7C000DEF18D9}
	EndGlobalSection
	GlobalSection(ExtensibilityGlobals) = postSolution
		SolutionGuid = {4F111B2D-3C28-4F16-B51A-3DB6168B5BC3}
	EndGlobalSection
EndGlobal
