
Microsoft Visual Studio Solution File, Format Version 12.00
# Visual Studio 15
VisualStudioVersion = 15.0.28010.2041
MinimumVisualStudioVersion = 10.0.40219.1
Project("{FAE04EC0-301F-11D3-BF4B-00C04F79EFBC}") = "Task1", "Task1\Task1.csproj", "{B68019B6-F594-4F01-8D8F-E070B2A43F65}"
EndProject
Project("{FAE04EC0-301F-11D3-BF4B-00C04F79EFBC}") = "Task2", "Task2\Task2.csproj", "{7F93FA63-A042-498D-81B8-30BA63D43EB2}"
EndProject
Project("{FAE04EC0-301F-11D3-BF4B-00C04F79EFBC}") = "Task3", "Task3\Task3.csproj", "{9410535D-50D3-48EA-8D12-83528A65F497}"
EndProject
Global
	GlobalSection(SolutionConfigurationPlatforms) = preSolution
		Debug|Any CPU = Debug|Any CPU
		Release|Any CPU = Release|Any CPU
	EndGlobalSection
	GlobalSection(ProjectConfigurationPlatforms) = postSolution
		{B68019B6-F594-4F01-8D8F-E070B2A43F65}.Debug|Any CPU.ActiveCfg = Debug|Any CPU
		{B68019B6-F594-4F01-8D8F-E070B2A43F65}.Debug|Any CPU.Build.0 = Debug|Any CPU
		{B68019B6-F594-4F01-8D8F-E070B2A43F65}.Release|Any CPU.ActiveCfg = Release|Any CPU
		{B68019B6-F594-4F01-8D8F-E070B2A43F65}.Release|Any CPU.Build.0 = Release|Any CPU
		{7F93FA63-A042-498D-81B8-30BA63D43EB2}.Debug|Any CPU.ActiveCfg = Debug|Any CPU
		{7F93FA63-A042-498D-81B8-30BA63D43EB2}.Debug|Any CPU.Build.0 = Debug|Any CPU
		{7F93FA63-A042-498D-81B8-30BA63D43EB2}.Release|Any CPU.ActiveCfg = Release|Any CPU
		{7F93FA63-A042-498D-81B8-30BA63D43EB2}.Release|Any CPU.Build.0 = Release|Any CPU
		{9410535D-50D3-48EA-8D12-83528A65F497}.Debug|Any CPU.ActiveCfg = Debug|Any CPU
		{9410535D-50D3-48EA-8D12-83528A65F497}.Debug|Any CPU.Build.0 = Debug|Any CPU
		{9410535D-50D3-48EA-8D12-83528A65F497}.Release|Any CPU.ActiveCfg = Release|Any CPU
		{9410535D-50D3-48EA-8D12-83528A65F497}.Release|Any CPU.Build.0 = Release|Any CPU
	EndGlobalSection
	GlobalSection(SolutionProperties) = preSolution
		HideSolutionNode = FALSE
	EndGlobalSection
	GlobalSection(ExtensibilityGlobals) = postSolution
		SolutionGuid = {E1D3B959-5968-4C84-92FA-999C21CA722B}
	EndGlobalSection
EndGlobal
